// !$*UTF8*$!
{
	archiveVersion = 1;
	classes = {
	};
	objectVersion = 46;
	objects = {

/* Begin PBXBuildFile section */
		83840CE51990E5DD00FA23CF /* ApiNewTag.m in Sources */ = {isa = PBXBuildFile; fileRef = 83840CE41990E5DD00FA23CF /* ApiNewTag.m */; };
		83840CEA199129D100FA23CF /* APICall.m in Sources */ = {isa = PBXBuildFile; fileRef = 83840CE7199129D100FA23CF /* APICall.m */; };
		83840CEB199129D100FA23CF /* APICallAudioUrl.m in Sources */ = {isa = PBXBuildFile; fileRef = 83840CE9199129D100FA23CF /* APICallAudioUrl.m */; };
		839EE04119950CD700683D5C /* MKAnnotationView+WebCache.m in Sources */ = {isa = PBXBuildFile; fileRef = 839EE02119950CD700683D5C /* MKAnnotationView+WebCache.m */; };
		839EE04219950CD700683D5C /* NSData+ImageContentType.m in Sources */ = {isa = PBXBuildFile; fileRef = 839EE02319950CD700683D5C /* NSData+ImageContentType.m */; };
		839EE04319950CD700683D5C /* SDImageCache.m in Sources */ = {isa = PBXBuildFile; fileRef = 839EE02519950CD700683D5C /* SDImageCache.m */; };
		839EE04419950CD700683D5C /* SDWebImageCompat.m in Sources */ = {isa = PBXBuildFile; fileRef = 839EE02719950CD700683D5C /* SDWebImageCompat.m */; };
		839EE04519950CD700683D5C /* SDWebImageDecoder.m in Sources */ = {isa = PBXBuildFile; fileRef = 839EE02919950CD700683D5C /* SDWebImageDecoder.m */; };
		839EE04619950CD700683D5C /* SDWebImageDownloader.m in Sources */ = {isa = PBXBuildFile; fileRef = 839EE02B19950CD700683D5C /* SDWebImageDownloader.m */; };
		839EE04719950CD700683D5C /* SDWebImageDownloaderOperation.m in Sources */ = {isa = PBXBuildFile; fileRef = 839EE02D19950CD700683D5C /* SDWebImageDownloaderOperation.m */; };
		839EE04819950CD700683D5C /* SDWebImageManager.m in Sources */ = {isa = PBXBuildFile; fileRef = 839EE02F19950CD700683D5C /* SDWebImageManager.m */; };
		839EE04919950CD700683D5C /* SDWebImagePrefetcher.m in Sources */ = {isa = PBXBuildFile; fileRef = 839EE03219950CD700683D5C /* SDWebImagePrefetcher.m */; };
		839EE04A19950CD700683D5C /* UIButton+WebCache.m in Sources */ = {isa = PBXBuildFile; fileRef = 839EE03419950CD700683D5C /* UIButton+WebCache.m */; };
		839EE04B19950CD700683D5C /* UIImage+GIF.m in Sources */ = {isa = PBXBuildFile; fileRef = 839EE03619950CD700683D5C /* UIImage+GIF.m */; };
		839EE04C19950CD700683D5C /* UIImage+MultiFormat.m in Sources */ = {isa = PBXBuildFile; fileRef = 839EE03819950CD700683D5C /* UIImage+MultiFormat.m */; };
		839EE04D19950CD700683D5C /* UIImage+WebP.m in Sources */ = {isa = PBXBuildFile; fileRef = 839EE03A19950CD700683D5C /* UIImage+WebP.m */; };
		839EE04E19950CD700683D5C /* UIImageView+HighlightedWebCache.m in Sources */ = {isa = PBXBuildFile; fileRef = 839EE03C19950CD700683D5C /* UIImageView+HighlightedWebCache.m */; };
		839EE04F19950CD700683D5C /* UIImageView+WebCache.m in Sources */ = {isa = PBXBuildFile; fileRef = 839EE03E19950CD700683D5C /* UIImageView+WebCache.m */; };
		839EE05019950CD700683D5C /* UIView+WebCacheOperation.m in Sources */ = {isa = PBXBuildFile; fileRef = 839EE04019950CD700683D5C /* UIView+WebCacheOperation.m */; };
		839EE0521995106A00683D5C /* ImageIO.framework in Frameworks */ = {isa = PBXBuildFile; fileRef = 839EE0511995106A00683D5C /* ImageIO.framework */; };
		9A047B35198AA25A00608E0D /* Foundation.framework in Frameworks */ = {isa = PBXBuildFile; fileRef = 9A047B34198AA25A00608E0D /* Foundation.framework */; };
		9A047B37198AA25A00608E0D /* CoreGraphics.framework in Frameworks */ = {isa = PBXBuildFile; fileRef = 9A047B36198AA25A00608E0D /* CoreGraphics.framework */; };
		9A047B39198AA25A00608E0D /* UIKit.framework in Frameworks */ = {isa = PBXBuildFile; fileRef = 9A047B38198AA25A00608E0D /* UIKit.framework */; };
		9A047B3F198AA25A00608E0D /* InfoPlist.strings in Resources */ = {isa = PBXBuildFile; fileRef = 9A047B3D198AA25A00608E0D /* InfoPlist.strings */; };
		9A047B41198AA25A00608E0D /* main.m in Sources */ = {isa = PBXBuildFile; fileRef = 9A047B40198AA25A00608E0D /* main.m */; };
		9A047B45198AA25A00608E0D /* AppDelegate.m in Sources */ = {isa = PBXBuildFile; fileRef = 9A047B44198AA25A00608E0D /* AppDelegate.m */; };
		9A047B4B198AA25A00608E0D /* Main_iPad.storyboard in Resources */ = {isa = PBXBuildFile; fileRef = 9A047B49198AA25A00608E0D /* Main_iPad.storyboard */; };
		9A047B4E198AA25A00608E0D /* ViewController.m in Sources */ = {isa = PBXBuildFile; fileRef = 9A047B4D198AA25A00608E0D /* ViewController.m */; };
		9A047B50198AA25A00608E0D /* Images.xcassets in Resources */ = {isa = PBXBuildFile; fileRef = 9A047B4F198AA25A00608E0D /* Images.xcassets */; };
		9A047B57198AA25A00608E0D /* XCTest.framework in Frameworks */ = {isa = PBXBuildFile; fileRef = 9A047B56198AA25A00608E0D /* XCTest.framework */; };
		9A047B58198AA25A00608E0D /* Foundation.framework in Frameworks */ = {isa = PBXBuildFile; fileRef = 9A047B34198AA25A00608E0D /* Foundation.framework */; };
		9A047B59198AA25A00608E0D /* UIKit.framework in Frameworks */ = {isa = PBXBuildFile; fileRef = 9A047B38198AA25A00608E0D /* UIKit.framework */; };
		9A047B61198AA25A00608E0D /* InfoPlist.strings in Resources */ = {isa = PBXBuildFile; fileRef = 9A047B5F198AA25A00608E0D /* InfoPlist.strings */; };
		9A047B63198AA25A00608E0D /* APICallTestTests.m in Sources */ = {isa = PBXBuildFile; fileRef = 9A047B62198AA25A00608E0D /* APICallTestTests.m */; };
		9A3CFE01199235EA0048CED9 /* APITagCall.m in Sources */ = {isa = PBXBuildFile; fileRef = 9A3CFE00199235EA0048CED9 /* APITagCall.m */; };
		9A617CE51993B7660057F8EC /* APIReportCall.m in Sources */ = {isa = PBXBuildFile; fileRef = 9A617CE41993B7660057F8EC /* APIReportCall.m */; };
		9AA147021994F26E00716FDC /* APINextMixCall.m in Sources */ = {isa = PBXBuildFile; fileRef = 9AA147011994F26E00716FDC /* APINextMixCall.m */; };
		9AD6336D198F963700D3D6BF /* plop.storyboard in Resources */ = {isa = PBXBuildFile; fileRef = 9AD6336B198F963700D3D6BF /* plop.storyboard */; };
/* End PBXBuildFile section */

/* Begin PBXContainerItemProxy section */
		9A047B5A198AA25A00608E0D /* PBXContainerItemProxy */ = {
			isa = PBXContainerItemProxy;
			containerPortal = 9A047B29198AA25A00608E0D /* Project object */;
			proxyType = 1;
			remoteGlobalIDString = 9A047B30198AA25A00608E0D;
			remoteInfo = APICallTest;
		};
/* End PBXContainerItemProxy section */

/* Begin PBXFileReference section */
		83840CE31990E5DD00FA23CF /* ApiNewTag.h */ = {isa = PBXFileReference; fileEncoding = 4; lastKnownFileType = sourcecode.c.h; name = ApiNewTag.h; path = ../ApiNewTag.h; sourceTree = "<group>"; };
		83840CE41990E5DD00FA23CF /* ApiNewTag.m */ = {isa = PBXFileReference; fileEncoding = 4; lastKnownFileType = sourcecode.c.objc; name = ApiNewTag.m; path = ../ApiNewTag.m; sourceTree = "<group>"; };
		83840CE6199129D100FA23CF /* APICall.h */ = {isa = PBXFileReference; fileEncoding = 4; lastKnownFileType = sourcecode.c.h; path = APICall.h; sourceTree = "<group>"; };
		83840CE7199129D100FA23CF /* APICall.m */ = {isa = PBXFileReference; fileEncoding = 4; lastKnownFileType = sourcecode.c.objc; path = APICall.m; sourceTree = "<group>"; };
		83840CE8199129D100FA23CF /* APICallAudioUrl.h */ = {isa = PBXFileReference; fileEncoding = 4; lastKnownFileType = sourcecode.c.h; path = APICallAudioUrl.h; sourceTree = "<group>"; };
		83840CE9199129D100FA23CF /* APICallAudioUrl.m */ = {isa = PBXFileReference; fileEncoding = 4; lastKnownFileType = sourcecode.c.objc; path = APICallAudioUrl.m; sourceTree = "<group>"; };
		839EE02019950CD700683D5C /* MKAnnotationView+WebCache.h */ = {isa = PBXFileReference; fileEncoding = 4; lastKnownFileType = sourcecode.c.h; path = "MKAnnotationView+WebCache.h"; sourceTree = "<group>"; };
		839EE02119950CD700683D5C /* MKAnnotationView+WebCache.m */ = {isa = PBXFileReference; fileEncoding = 4; lastKnownFileType = sourcecode.c.objc; path = "MKAnnotationView+WebCache.m"; sourceTree = "<group>"; };
		839EE02219950CD700683D5C /* NSData+ImageContentType.h */ = {isa = PBXFileReference; fileEncoding = 4; lastKnownFileType = sourcecode.c.h; path = "NSData+ImageContentType.h"; sourceTree = "<group>"; };
		839EE02319950CD700683D5C /* NSData+ImageContentType.m */ = {isa = PBXFileReference; fileEncoding = 4; lastKnownFileType = sourcecode.c.objc; path = "NSData+ImageContentType.m"; sourceTree = "<group>"; };
		839EE02419950CD700683D5C /* SDImageCache.h */ = {isa = PBXFileReference; fileEncoding = 4; lastKnownFileType = sourcecode.c.h; path = SDImageCache.h; sourceTree = "<group>"; };
		839EE02519950CD700683D5C /* SDImageCache.m */ = {isa = PBXFileReference; fileEncoding = 4; lastKnownFileType = sourcecode.c.objc; path = SDImageCache.m; sourceTree = "<group>"; };
		839EE02619950CD700683D5C /* SDWebImageCompat.h */ = {isa = PBXFileReference; fileEncoding = 4; lastKnownFileType = sourcecode.c.h; path = SDWebImageCompat.h; sourceTree = "<group>"; };
		839EE02719950CD700683D5C /* SDWebImageCompat.m */ = {isa = PBXFileReference; fileEncoding = 4; lastKnownFileType = sourcecode.c.objc; path = SDWebImageCompat.m; sourceTree = "<group>"; };
		839EE02819950CD700683D5C /* SDWebImageDecoder.h */ = {isa = PBXFileReference; fileEncoding = 4; lastKnownFileType = sourcecode.c.h; path = SDWebImageDecoder.h; sourceTree = "<group>"; };
		839EE02919950CD700683D5C /* SDWebImageDecoder.m */ = {isa = PBXFileReference; fileEncoding = 4; lastKnownFileType = sourcecode.c.objc; path = SDWebImageDecoder.m; sourceTree = "<group>"; };
		839EE02A19950CD700683D5C /* SDWebImageDownloader.h */ = {isa = PBXFileReference; fileEncoding = 4; lastKnownFileType = sourcecode.c.h; path = SDWebImageDownloader.h; sourceTree = "<group>"; };
		839EE02B19950CD700683D5C /* SDWebImageDownloader.m */ = {isa = PBXFileReference; fileEncoding = 4; lastKnownFileType = sourcecode.c.objc; path = SDWebImageDownloader.m; sourceTree = "<group>"; };
		839EE02C19950CD700683D5C /* SDWebImageDownloaderOperation.h */ = {isa = PBXFileReference; fileEncoding = 4; lastKnownFileType = sourcecode.c.h; path = SDWebImageDownloaderOperation.h; sourceTree = "<group>"; };
		839EE02D19950CD700683D5C /* SDWebImageDownloaderOperation.m */ = {isa = PBXFileReference; fileEncoding = 4; lastKnownFileType = sourcecode.c.objc; path = SDWebImageDownloaderOperation.m; sourceTree = "<group>"; };
		839EE02E19950CD700683D5C /* SDWebImageManager.h */ = {isa = PBXFileReference; fileEncoding = 4; lastKnownFileType = sourcecode.c.h; path = SDWebImageManager.h; sourceTree = "<group>"; };
		839EE02F19950CD700683D5C /* SDWebImageManager.m */ = {isa = PBXFileReference; fileEncoding = 4; lastKnownFileType = sourcecode.c.objc; path = SDWebImageManager.m; sourceTree = "<group>"; };
		839EE03019950CD700683D5C /* SDWebImageOperation.h */ = {isa = PBXFileReference; fileEncoding = 4; lastKnownFileType = sourcecode.c.h; path = SDWebImageOperation.h; sourceTree = "<group>"; };
		839EE03119950CD700683D5C /* SDWebImagePrefetcher.h */ = {isa = PBXFileReference; fileEncoding = 4; lastKnownFileType = sourcecode.c.h; path = SDWebImagePrefetcher.h; sourceTree = "<group>"; };
		839EE03219950CD700683D5C /* SDWebImagePrefetcher.m */ = {isa = PBXFileReference; fileEncoding = 4; lastKnownFileType = sourcecode.c.objc; path = SDWebImagePrefetcher.m; sourceTree = "<group>"; };
		839EE03319950CD700683D5C /* UIButton+WebCache.h */ = {isa = PBXFileReference; fileEncoding = 4; lastKnownFileType = sourcecode.c.h; path = "UIButton+WebCache.h"; sourceTree = "<group>"; };
		839EE03419950CD700683D5C /* UIButton+WebCache.m */ = {isa = PBXFileReference; fileEncoding = 4; lastKnownFileType = sourcecode.c.objc; path = "UIButton+WebCache.m"; sourceTree = "<group>"; };
		839EE03519950CD700683D5C /* UIImage+GIF.h */ = {isa = PBXFileReference; fileEncoding = 4; lastKnownFileType = sourcecode.c.h; path = "UIImage+GIF.h"; sourceTree = "<group>"; };
		839EE03619950CD700683D5C /* UIImage+GIF.m */ = {isa = PBXFileReference; fileEncoding = 4; lastKnownFileType = sourcecode.c.objc; path = "UIImage+GIF.m"; sourceTree = "<group>"; };
		839EE03719950CD700683D5C /* UIImage+MultiFormat.h */ = {isa = PBXFileReference; fileEncoding = 4; lastKnownFileType = sourcecode.c.h; path = "UIImage+MultiFormat.h"; sourceTree = "<group>"; };
		839EE03819950CD700683D5C /* UIImage+MultiFormat.m */ = {isa = PBXFileReference; fileEncoding = 4; lastKnownFileType = sourcecode.c.objc; path = "UIImage+MultiFormat.m"; sourceTree = "<group>"; };
		839EE03919950CD700683D5C /* UIImage+WebP.h */ = {isa = PBXFileReference; fileEncoding = 4; lastKnownFileType = sourcecode.c.h; path = "UIImage+WebP.h"; sourceTree = "<group>"; };
		839EE03A19950CD700683D5C /* UIImage+WebP.m */ = {isa = PBXFileReference; fileEncoding = 4; lastKnownFileType = sourcecode.c.objc; path = "UIImage+WebP.m"; sourceTree = "<group>"; };
		839EE03B19950CD700683D5C /* UIImageView+HighlightedWebCache.h */ = {isa = PBXFileReference; fileEncoding = 4; lastKnownFileType = sourcecode.c.h; path = "UIImageView+HighlightedWebCache.h"; sourceTree = "<group>"; };
		839EE03C19950CD700683D5C /* UIImageView+HighlightedWebCache.m */ = {isa = PBXFileReference; fileEncoding = 4; lastKnownFileType = sourcecode.c.objc; path = "UIImageView+HighlightedWebCache.m"; sourceTree = "<group>"; };
		839EE03D19950CD700683D5C /* UIImageView+WebCache.h */ = {isa = PBXFileReference; fileEncoding = 4; lastKnownFileType = sourcecode.c.h; path = "UIImageView+WebCache.h"; sourceTree = "<group>"; };
		839EE03E19950CD700683D5C /* UIImageView+WebCache.m */ = {isa = PBXFileReference; fileEncoding = 4; lastKnownFileType = sourcecode.c.objc; path = "UIImageView+WebCache.m"; sourceTree = "<group>"; };
		839EE03F19950CD700683D5C /* UIView+WebCacheOperation.h */ = {isa = PBXFileReference; fileEncoding = 4; lastKnownFileType = sourcecode.c.h; path = "UIView+WebCacheOperation.h"; sourceTree = "<group>"; };
		839EE04019950CD700683D5C /* UIView+WebCacheOperation.m */ = {isa = PBXFileReference; fileEncoding = 4; lastKnownFileType = sourcecode.c.objc; path = "UIView+WebCacheOperation.m"; sourceTree = "<group>"; };
		839EE0511995106A00683D5C /* ImageIO.framework */ = {isa = PBXFileReference; lastKnownFileType = wrapper.framework; name = ImageIO.framework; path = System/Library/Frameworks/ImageIO.framework; sourceTree = SDKROOT; };
		9A047B31198AA25A00608E0D /* APICallTest.app */ = {isa = PBXFileReference; explicitFileType = wrapper.application; includeInIndex = 0; path = APICallTest.app; sourceTree = BUILT_PRODUCTS_DIR; };
		9A047B34198AA25A00608E0D /* Foundation.framework */ = {isa = PBXFileReference; lastKnownFileType = wrapper.framework; name = Foundation.framework; path = System/Library/Frameworks/Foundation.framework; sourceTree = SDKROOT; };
		9A047B36198AA25A00608E0D /* CoreGraphics.framework */ = {isa = PBXFileReference; lastKnownFileType = wrapper.framework; name = CoreGraphics.framework; path = System/Library/Frameworks/CoreGraphics.framework; sourceTree = SDKROOT; };
		9A047B38198AA25A00608E0D /* UIKit.framework */ = {isa = PBXFileReference; lastKnownFileType = wrapper.framework; name = UIKit.framework; path = System/Library/Frameworks/UIKit.framework; sourceTree = SDKROOT; };
		9A047B3C198AA25A00608E0D /* APICallTest-Info.plist */ = {isa = PBXFileReference; lastKnownFileType = text.plist.xml; path = "APICallTest-Info.plist"; sourceTree = "<group>"; };
		9A047B3E198AA25A00608E0D /* en */ = {isa = PBXFileReference; lastKnownFileType = text.plist.strings; name = en; path = en.lproj/InfoPlist.strings; sourceTree = "<group>"; };
		9A047B40198AA25A00608E0D /* main.m */ = {isa = PBXFileReference; lastKnownFileType = sourcecode.c.objc; path = main.m; sourceTree = "<group>"; };
		9A047B42198AA25A00608E0D /* APICallTest-Prefix.pch */ = {isa = PBXFileReference; lastKnownFileType = sourcecode.c.h; path = "APICallTest-Prefix.pch"; sourceTree = "<group>"; };
		9A047B43198AA25A00608E0D /* AppDelegate.h */ = {isa = PBXFileReference; lastKnownFileType = sourcecode.c.h; path = AppDelegate.h; sourceTree = "<group>"; };
		9A047B44198AA25A00608E0D /* AppDelegate.m */ = {isa = PBXFileReference; lastKnownFileType = sourcecode.c.objc; path = AppDelegate.m; sourceTree = "<group>"; };
		9A047B4A198AA25A00608E0D /* Base */ = {isa = PBXFileReference; lastKnownFileType = file.storyboard; name = Base; path = Base.lproj/Main_iPad.storyboard; sourceTree = "<group>"; };
		9A047B4C198AA25A00608E0D /* ViewController.h */ = {isa = PBXFileReference; lastKnownFileType = sourcecode.c.h; path = ViewController.h; sourceTree = "<group>"; };
		9A047B4D198AA25A00608E0D /* ViewController.m */ = {isa = PBXFileReference; lastKnownFileType = sourcecode.c.objc; path = ViewController.m; sourceTree = "<group>"; };
		9A047B4F198AA25A00608E0D /* Images.xcassets */ = {isa = PBXFileReference; lastKnownFileType = folder.assetcatalog; path = Images.xcassets; sourceTree = "<group>"; };
		9A047B55198AA25A00608E0D /* APICallTestTests.xctest */ = {isa = PBXFileReference; explicitFileType = wrapper.cfbundle; includeInIndex = 0; path = APICallTestTests.xctest; sourceTree = BUILT_PRODUCTS_DIR; };
		9A047B56198AA25A00608E0D /* XCTest.framework */ = {isa = PBXFileReference; lastKnownFileType = wrapper.framework; name = XCTest.framework; path = Library/Frameworks/XCTest.framework; sourceTree = DEVELOPER_DIR; };
		9A047B5E198AA25A00608E0D /* APICallTestTests-Info.plist */ = {isa = PBXFileReference; lastKnownFileType = text.plist.xml; path = "APICallTestTests-Info.plist"; sourceTree = "<group>"; };
		9A047B60198AA25A00608E0D /* en */ = {isa = PBXFileReference; lastKnownFileType = text.plist.strings; name = en; path = en.lproj/InfoPlist.strings; sourceTree = "<group>"; };
		9A047B62198AA25A00608E0D /* APICallTestTests.m */ = {isa = PBXFileReference; lastKnownFileType = sourcecode.c.objc; path = APICallTestTests.m; sourceTree = "<group>"; };
		9A0D0CCC198BE17100D5D2FD /* SBJson4.h */ = {isa = PBXFileReference; lastKnownFileType = sourcecode.c.h; path = SBJson4.h; sourceTree = "<group>"; };
		9A0D0CCD198BE17100D5D2FD /* SBJson4Parser.h */ = {isa = PBXFileReference; lastKnownFileType = sourcecode.c.h; path = SBJson4Parser.h; sourceTree = "<group>"; };
		9A0D0CCE198BE17100D5D2FD /* SBJson4Parser.m */ = {isa = PBXFileReference; lastKnownFileType = sourcecode.c.objc; path = SBJson4Parser.m; sourceTree = "<group>"; };
		9A0D0CCF198BE17100D5D2FD /* SBJson4StreamParser.h */ = {isa = PBXFileReference; lastKnownFileType = sourcecode.c.h; path = SBJson4StreamParser.h; sourceTree = "<group>"; };
		9A0D0CD0198BE17100D5D2FD /* SBJson4StreamParser.m */ = {isa = PBXFileReference; lastKnownFileType = sourcecode.c.objc; path = SBJson4StreamParser.m; sourceTree = "<group>"; };
		9A0D0CD1198BE17100D5D2FD /* SBJson4StreamParserState.h */ = {isa = PBXFileReference; lastKnownFileType = sourcecode.c.h; path = SBJson4StreamParserState.h; sourceTree = "<group>"; };
		9A0D0CD2198BE17100D5D2FD /* SBJson4StreamParserState.m */ = {isa = PBXFileReference; lastKnownFileType = sourcecode.c.objc; path = SBJson4StreamParserState.m; sourceTree = "<group>"; };
		9A0D0CD3198BE17100D5D2FD /* SBJson4StreamTokeniser.h */ = {isa = PBXFileReference; lastKnownFileType = sourcecode.c.h; path = SBJson4StreamTokeniser.h; sourceTree = "<group>"; };
		9A0D0CD4198BE17100D5D2FD /* SBJson4StreamTokeniser.m */ = {isa = PBXFileReference; lastKnownFileType = sourcecode.c.objc; path = SBJson4StreamTokeniser.m; sourceTree = "<group>"; };
		9A0D0CD5198BE17100D5D2FD /* SBJson4StreamWriter.h */ = {isa = PBXFileReference; lastKnownFileType = sourcecode.c.h; path = SBJson4StreamWriter.h; sourceTree = "<group>"; };
		9A0D0CD6198BE17100D5D2FD /* SBJson4StreamWriter.m */ = {isa = PBXFileReference; lastKnownFileType = sourcecode.c.objc; path = SBJson4StreamWriter.m; sourceTree = "<group>"; };
		9A0D0CD7198BE17100D5D2FD /* SBJson4StreamWriterState.h */ = {isa = PBXFileReference; lastKnownFileType = sourcecode.c.h; path = SBJson4StreamWriterState.h; sourceTree = "<group>"; };
		9A0D0CD8198BE17100D5D2FD /* SBJson4StreamWriterState.m */ = {isa = PBXFileReference; lastKnownFileType = sourcecode.c.objc; path = SBJson4StreamWriterState.m; sourceTree = "<group>"; };
		9A0D0CD9198BE17100D5D2FD /* SBJson4Writer.h */ = {isa = PBXFileReference; lastKnownFileType = sourcecode.c.h; path = SBJson4Writer.h; sourceTree = "<group>"; };
		9A0D0CDA198BE17100D5D2FD /* SBJson4Writer.m */ = {isa = PBXFileReference; lastKnownFileType = sourcecode.c.objc; path = SBJson4Writer.m; sourceTree = "<group>"; };
		9A3CFDFF199235EA0048CED9 /* APITagCall.h */ = {isa = PBXFileReference; fileEncoding = 4; lastKnownFileType = sourcecode.c.h; path = APITagCall.h; sourceTree = "<group>"; };
		9A3CFE00199235EA0048CED9 /* APITagCall.m */ = {isa = PBXFileReference; fileEncoding = 4; lastKnownFileType = sourcecode.c.objc; path = APITagCall.m; sourceTree = "<group>"; };
		9A617CE31993B7660057F8EC /* APIReportCall.h */ = {isa = PBXFileReference; fileEncoding = 4; lastKnownFileType = sourcecode.c.h; path = APIReportCall.h; sourceTree = "<group>"; };
		9A617CE41993B7660057F8EC /* APIReportCall.m */ = {isa = PBXFileReference; fileEncoding = 4; lastKnownFileType = sourcecode.c.objc; path = APIReportCall.m; sourceTree = "<group>"; };
		9AA147001994F26E00716FDC /* APINextMixCall.h */ = {isa = PBXFileReference; fileEncoding = 4; lastKnownFileType = sourcecode.c.h; path = APINextMixCall.h; sourceTree = "<group>"; };
		9AA147011994F26E00716FDC /* APINextMixCall.m */ = {isa = PBXFileReference; fileEncoding = 4; lastKnownFileType = sourcecode.c.objc; path = APINextMixCall.m; sourceTree = "<group>"; };
		9AD6336C198F963700D3D6BF /* Base */ = {isa = PBXFileReference; lastKnownFileType = file.storyboard; name = Base; path = Base.lproj/plop.storyboard; sourceTree = "<group>"; };
/* End PBXFileReference section */

/* Begin PBXFrameworksBuildPhase section */
		9A047B2E198AA25A00608E0D /* Frameworks */ = {
			isa = PBXFrameworksBuildPhase;
			buildActionMask = 2147483647;
			files = (
				839EE0521995106A00683D5C /* ImageIO.framework in Frameworks */,
				9A047B37198AA25A00608E0D /* CoreGraphics.framework in Frameworks */,
				9A047B39198AA25A00608E0D /* UIKit.framework in Frameworks */,
				9A047B35198AA25A00608E0D /* Foundation.framework in Frameworks */,
			);
			runOnlyForDeploymentPostprocessing = 0;
		};
		9A047B52198AA25A00608E0D /* Frameworks */ = {
			isa = PBXFrameworksBuildPhase;
			buildActionMask = 2147483647;
			files = (
				9A047B57198AA25A00608E0D /* XCTest.framework in Frameworks */,
				9A047B59198AA25A00608E0D /* UIKit.framework in Frameworks */,
				9A047B58198AA25A00608E0D /* Foundation.framework in Frameworks */,
			);
			runOnlyForDeploymentPostprocessing = 0;
		};
/* End PBXFrameworksBuildPhase section */

/* Begin PBXGroup section */
		839EE01F19950CD700683D5C /* SDWebImage */ = {
			isa = PBXGroup;
			children = (
				839EE02019950CD700683D5C /* MKAnnotationView+WebCache.h */,
				839EE02119950CD700683D5C /* MKAnnotationView+WebCache.m */,
				839EE02219950CD700683D5C /* NSData+ImageContentType.h */,
				839EE02319950CD700683D5C /* NSData+ImageContentType.m */,
				839EE02419950CD700683D5C /* SDImageCache.h */,
				839EE02519950CD700683D5C /* SDImageCache.m */,
				839EE02619950CD700683D5C /* SDWebImageCompat.h */,
				839EE02719950CD700683D5C /* SDWebImageCompat.m */,
				839EE02819950CD700683D5C /* SDWebImageDecoder.h */,
				839EE02919950CD700683D5C /* SDWebImageDecoder.m */,
				839EE02A19950CD700683D5C /* SDWebImageDownloader.h */,
				839EE02B19950CD700683D5C /* SDWebImageDownloader.m */,
				839EE02C19950CD700683D5C /* SDWebImageDownloaderOperation.h */,
				839EE02D19950CD700683D5C /* SDWebImageDownloaderOperation.m */,
				839EE02E19950CD700683D5C /* SDWebImageManager.h */,
				839EE02F19950CD700683D5C /* SDWebImageManager.m */,
				839EE03019950CD700683D5C /* SDWebImageOperation.h */,
				839EE03119950CD700683D5C /* SDWebImagePrefetcher.h */,
				839EE03219950CD700683D5C /* SDWebImagePrefetcher.m */,
				839EE03319950CD700683D5C /* UIButton+WebCache.h */,
				839EE03419950CD700683D5C /* UIButton+WebCache.m */,
				839EE03519950CD700683D5C /* UIImage+GIF.h */,
				839EE03619950CD700683D5C /* UIImage+GIF.m */,
				839EE03719950CD700683D5C /* UIImage+MultiFormat.h */,
				839EE03819950CD700683D5C /* UIImage+MultiFormat.m */,
				839EE03919950CD700683D5C /* UIImage+WebP.h */,
				839EE03A19950CD700683D5C /* UIImage+WebP.m */,
				839EE03B19950CD700683D5C /* UIImageView+HighlightedWebCache.h */,
				839EE03C19950CD700683D5C /* UIImageView+HighlightedWebCache.m */,
				839EE03D19950CD700683D5C /* UIImageView+WebCache.h */,
				839EE03E19950CD700683D5C /* UIImageView+WebCache.m */,
				839EE03F19950CD700683D5C /* UIView+WebCacheOperation.h */,
				839EE04019950CD700683D5C /* UIView+WebCacheOperation.m */,
			);
			path = SDWebImage;
			sourceTree = "<group>";
		};
		9A047B28198AA25A00608E0D = {
			isa = PBXGroup;
			children = (
				839EE01F19950CD700683D5C /* SDWebImage */,
				9AA147001994F26E00716FDC /* APINextMixCall.h */,
				9AA147011994F26E00716FDC /* APINextMixCall.m */,
				9A617CE31993B7660057F8EC /* APIReportCall.h */,
				9A617CE41993B7660057F8EC /* APIReportCall.m */,
				9A3CFDFF199235EA0048CED9 /* APITagCall.h */,
				9A3CFE00199235EA0048CED9 /* APITagCall.m */,
				83840CE6199129D100FA23CF /* APICall.h */,
				83840CE7199129D100FA23CF /* APICall.m */,
				83840CE8199129D100FA23CF /* APICallAudioUrl.h */,
				83840CE9199129D100FA23CF /* APICallAudioUrl.m */,
				9A047B3A198AA25A00608E0D /* APICallTest */,
				9A047B5C198AA25A00608E0D /* APICallTestTests */,
				9A047B33198AA25A00608E0D /* Frameworks */,
				9A047B32198AA25A00608E0D /* Products */,
			);
			sourceTree = "<group>";
		};
		9A047B32198AA25A00608E0D /* Products */ = {
			isa = PBXGroup;
			children = (
				9A047B31198AA25A00608E0D /* APICallTest.app */,
				9A047B55198AA25A00608E0D /* APICallTestTests.xctest */,
			);
			name = Products;
			sourceTree = "<group>";
		};
		9A047B33198AA25A00608E0D /* Frameworks */ = {
			isa = PBXGroup;
			children = (
				839EE0511995106A00683D5C /* ImageIO.framework */,
				9A0D0CCB198BE17100D5D2FD /* objc */,
				9A047B34198AA25A00608E0D /* Foundation.framework */,
				9A047B36198AA25A00608E0D /* CoreGraphics.framework */,
				9A047B38198AA25A00608E0D /* UIKit.framework */,
				9A047B56198AA25A00608E0D /* XCTest.framework */,
			);
			name = Frameworks;
			sourceTree = "<group>";
		};
		9A047B3A198AA25A00608E0D /* APICallTest */ = {
			isa = PBXGroup;
			children = (
				9A237912198F95A200AC0AEC /* iPad */,
				9A047B43198AA25A00608E0D /* AppDelegate.h */,
				9A047B44198AA25A00608E0D /* AppDelegate.m */,
				9A047B49198AA25A00608E0D /* Main_iPad.storyboard */,
				9AD6336B198F963700D3D6BF /* plop.storyboard */,
				83840CE31990E5DD00FA23CF /* ApiNewTag.h */,
				83840CE41990E5DD00FA23CF /* ApiNewTag.m */,
				9A047B4C198AA25A00608E0D /* ViewController.h */,
				9A047B4D198AA25A00608E0D /* ViewController.m */,
				9A047B4F198AA25A00608E0D /* Images.xcassets */,
				9A047B3B198AA25A00608E0D /* Supporting Files */,
			);
			path = APICallTest;
			sourceTree = "<group>";
		};
		9A047B3B198AA25A00608E0D /* Supporting Files */ = {
			isa = PBXGroup;
			children = (
				9A047B3C198AA25A00608E0D /* APICallTest-Info.plist */,
				9A047B3D198AA25A00608E0D /* InfoPlist.strings */,
				9A047B40198AA25A00608E0D /* main.m */,
				9A047B42198AA25A00608E0D /* APICallTest-Prefix.pch */,
			);
			name = "Supporting Files";
			sourceTree = "<group>";
		};
		9A047B5C198AA25A00608E0D /* APICallTestTests */ = {
			isa = PBXGroup;
			children = (
				9A047B62198AA25A00608E0D /* APICallTestTests.m */,
				9A047B5D198AA25A00608E0D /* Supporting Files */,
			);
			path = APICallTestTests;
			sourceTree = "<group>";
		};
		9A047B5D198AA25A00608E0D /* Supporting Files */ = {
			isa = PBXGroup;
			children = (
				9A047B5E198AA25A00608E0D /* APICallTestTests-Info.plist */,
				9A047B5F198AA25A00608E0D /* InfoPlist.strings */,
			);
			name = "Supporting Files";
			sourceTree = "<group>";
		};
		9A0D0CCB198BE17100D5D2FD /* objc */ = {
			isa = PBXGroup;
			children = (
				9A0D0CCC198BE17100D5D2FD /* SBJson4.h */,
				9A0D0CCD198BE17100D5D2FD /* SBJson4Parser.h */,
				9A0D0CCE198BE17100D5D2FD /* SBJson4Parser.m */,
				9A0D0CCF198BE17100D5D2FD /* SBJson4StreamParser.h */,
				9A0D0CD0198BE17100D5D2FD /* SBJson4StreamParser.m */,
				9A0D0CD1198BE17100D5D2FD /* SBJson4StreamParserState.h */,
				9A0D0CD2198BE17100D5D2FD /* SBJson4StreamParserState.m */,
				9A0D0CD3198BE17100D5D2FD /* SBJson4StreamTokeniser.h */,
				9A0D0CD4198BE17100D5D2FD /* SBJson4StreamTokeniser.m */,
				9A0D0CD5198BE17100D5D2FD /* SBJson4StreamWriter.h */,
				9A0D0CD6198BE17100D5D2FD /* SBJson4StreamWriter.m */,
				9A0D0CD7198BE17100D5D2FD /* SBJson4StreamWriterState.h */,
				9A0D0CD8198BE17100D5D2FD /* SBJson4StreamWriterState.m */,
				9A0D0CD9198BE17100D5D2FD /* SBJson4Writer.h */,
				9A0D0CDA198BE17100D5D2FD /* SBJson4Writer.m */,
			);
			path = objc;
			sourceTree = "<group>";
		};
		9A237912198F95A200AC0AEC /* iPad */ = {
			isa = PBXGroup;
			children = (
			);
			name = iPad;
			sourceTree = "<group>";
		};
/* End PBXGroup section */

/* Begin PBXNativeTarget section */
		9A047B30198AA25A00608E0D /* APICallTest */ = {
			isa = PBXNativeTarget;
			buildConfigurationList = 9A047B66198AA25A00608E0D /* Build configuration list for PBXNativeTarget "APICallTest" */;
			buildPhases = (
				9A047B2D198AA25A00608E0D /* Sources */,
				9A047B2E198AA25A00608E0D /* Frameworks */,
				9A047B2F198AA25A00608E0D /* Resources */,
			);
			buildRules = (
			);
			dependencies = (
			);
			name = APICallTest;
			productName = APICallTest;
			productReference = 9A047B31198AA25A00608E0D /* APICallTest.app */;
			productType = "com.apple.product-type.application";
		};
		9A047B54198AA25A00608E0D /* APICallTestTests */ = {
			isa = PBXNativeTarget;
			buildConfigurationList = 9A047B69198AA25A00608E0D /* Build configuration list for PBXNativeTarget "APICallTestTests" */;
			buildPhases = (
				9A047B51198AA25A00608E0D /* Sources */,
				9A047B52198AA25A00608E0D /* Frameworks */,
				9A047B53198AA25A00608E0D /* Resources */,
			);
			buildRules = (
			);
			dependencies = (
				9A047B5B198AA25A00608E0D /* PBXTargetDependency */,
			);
			name = APICallTestTests;
			productName = APICallTestTests;
			productReference = 9A047B55198AA25A00608E0D /* APICallTestTests.xctest */;
			productType = "com.apple.product-type.bundle.unit-test";
		};
/* End PBXNativeTarget section */

/* Begin PBXProject section */
		9A047B29198AA25A00608E0D /* Project object */ = {
			isa = PBXProject;
			attributes = {
				LastUpgradeCheck = 0510;
				ORGANIZATIONNAME = "___Papapapapow___";
				TargetAttributes = {
					9A047B54198AA25A00608E0D = {
						TestTargetID = 9A047B30198AA25A00608E0D;
					};
				};
			};
			buildConfigurationList = 9A047B2C198AA25A00608E0D /* Build configuration list for PBXProject "APICallTest" */;
			compatibilityVersion = "Xcode 3.2";
			developmentRegion = English;
			hasScannedForEncodings = 0;
			knownRegions = (
				en,
				Base,
			);
			mainGroup = 9A047B28198AA25A00608E0D;
			productRefGroup = 9A047B32198AA25A00608E0D /* Products */;
			projectDirPath = "";
			projectRoot = "";
			targets = (
				9A047B30198AA25A00608E0D /* APICallTest */,
				9A047B54198AA25A00608E0D /* APICallTestTests */,
			);
		};
/* End PBXProject section */

/* Begin PBXResourcesBuildPhase section */
		9A047B2F198AA25A00608E0D /* Resources */ = {
			isa = PBXResourcesBuildPhase;
			buildActionMask = 2147483647;
			files = (
				9A047B4B198AA25A00608E0D /* Main_iPad.storyboard in Resources */,
				9AD6336D198F963700D3D6BF /* plop.storyboard in Resources */,
				9A047B50198AA25A00608E0D /* Images.xcassets in Resources */,
				9A047B3F198AA25A00608E0D /* InfoPlist.strings in Resources */,
			);
			runOnlyForDeploymentPostprocessing = 0;
		};
		9A047B53198AA25A00608E0D /* Resources */ = {
			isa = PBXResourcesBuildPhase;
			buildActionMask = 2147483647;
			files = (
				9A047B61198AA25A00608E0D /* InfoPlist.strings in Resources */,
			);
			runOnlyForDeploymentPostprocessing = 0;
		};
/* End PBXResourcesBuildPhase section */

/* Begin PBXSourcesBuildPhase section */
		9A047B2D198AA25A00608E0D /* Sources */ = {
			isa = PBXSourcesBuildPhase;
			buildActionMask = 2147483647;
			files = (
				839EE04E19950CD700683D5C /* UIImageView+HighlightedWebCache.m in Sources */,
				839EE04519950CD700683D5C /* SDWebImageDecoder.m in Sources */,
				839EE04F19950CD700683D5C /* UIImageView+WebCache.m in Sources */,
				83840CEA199129D100FA23CF /* APICall.m in Sources */,
				839EE04719950CD700683D5C /* SDWebImageDownloaderOperation.m in Sources */,
				839EE04819950CD700683D5C /* SDWebImageManager.m in Sources */,
				9A047B4E198AA25A00608E0D /* ViewController.m in Sources */,
				9A047B45198AA25A00608E0D /* AppDelegate.m in Sources */,
				839EE04619950CD700683D5C /* SDWebImageDownloader.m in Sources */,
				839EE04119950CD700683D5C /* MKAnnotationView+WebCache.m in Sources */,
				839EE04419950CD700683D5C /* SDWebImageCompat.m in Sources */,
				839EE04919950CD700683D5C /* SDWebImagePrefetcher.m in Sources */,
				839EE05019950CD700683D5C /* UIView+WebCacheOperation.m in Sources */,
				839EE04C19950CD700683D5C /* UIImage+MultiFormat.m in Sources */,
				83840CEB199129D100FA23CF /* APICallAudioUrl.m in Sources */,
				9A617CE51993B7660057F8EC /* APIReportCall.m in Sources */,
				839EE04A19950CD700683D5C /* UIButton+WebCache.m in Sources */,
				9AA147021994F26E00716FDC /* APINextMixCall.m in Sources */,
				839EE04319950CD700683D5C /* SDImageCache.m in Sources */,
				83840CE51990E5DD00FA23CF /* ApiNewTag.m in Sources */,
				9A047B41198AA25A00608E0D /* main.m in Sources */,
				9A3CFE01199235EA0048CED9 /* APITagCall.m in Sources */,
				839EE04B19950CD700683D5C /* UIImage+GIF.m in Sources */,
				839EE04219950CD700683D5C /* NSData+ImageContentType.m in Sources */,
				839EE04D19950CD700683D5C /* UIImage+WebP.m in Sources */,
			);
			runOnlyForDeploymentPostprocessing = 0;
		};
		9A047B51198AA25A00608E0D /* Sources */ = {
			isa = PBXSourcesBuildPhase;
			buildActionMask = 2147483647;
			files = (
				9A047B63198AA25A00608E0D /* APICallTestTests.m in Sources */,
			);
			runOnlyForDeploymentPostprocessing = 0;
		};
/* End PBXSourcesBuildPhase section */

/* Begin PBXTargetDependency section */
		9A047B5B198AA25A00608E0D /* PBXTargetDependency */ = {
			isa = PBXTargetDependency;
			target = 9A047B30198AA25A00608E0D /* APICallTest */;
			targetProxy = 9A047B5A198AA25A00608E0D /* PBXContainerItemProxy */;
		};
/* End PBXTargetDependency section */

/* Begin PBXVariantGroup section */
		9A047B3D198AA25A00608E0D /* InfoPlist.strings */ = {
			isa = PBXVariantGroup;
			children = (
				9A047B3E198AA25A00608E0D /* en */,
			);
			name = InfoPlist.strings;
			sourceTree = "<group>";
		};
		9A047B49198AA25A00608E0D /* Main_iPad.storyboard */ = {
			isa = PBXVariantGroup;
			children = (
				9A047B4A198AA25A00608E0D /* Base */,
			);
			name = Main_iPad.storyboard;
			sourceTree = "<group>";
		};
		9A047B5F198AA25A00608E0D /* InfoPlist.strings */ = {
			isa = PBXVariantGroup;
			children = (
				9A047B60198AA25A00608E0D /* en */,
			);
			name = InfoPlist.strings;
			sourceTree = "<group>";
		};
		9AD6336B198F963700D3D6BF /* plop.storyboard */ = {
			isa = PBXVariantGroup;
			children = (
				9AD6336C198F963700D3D6BF /* Base */,
			);
			name = plop.storyboard;
			sourceTree = "<group>";
		};
/* End PBXVariantGroup section */

/* Begin XCBuildConfiguration section */
		9A047B64198AA25A00608E0D /* Debug */ = {
			isa = XCBuildConfiguration;
			buildSettings = {
				ALWAYS_SEARCH_USER_PATHS = NO;
				CLANG_CXX_LANGUAGE_STANDARD = "gnu++0x";
				CLANG_CXX_LIBRARY = "libc++";
				CLANG_ENABLE_MODULES = YES;
				CLANG_ENABLE_OBJC_ARC = YES;
				CLANG_WARN_BOOL_CONVERSION = YES;
				CLANG_WARN_CONSTANT_CONVERSION = YES;
				CLANG_WARN_DIRECT_OBJC_ISA_USAGE = YES_ERROR;
				CLANG_WARN_EMPTY_BODY = YES;
				CLANG_WARN_ENUM_CONVERSION = YES;
				CLANG_WARN_INT_CONVERSION = YES;
				CLANG_WARN_OBJC_ROOT_CLASS = YES_ERROR;
				CLANG_WARN__DUPLICATE_METHOD_MATCH = YES;
				"CODE_SIGN_IDENTITY[sdk=iphoneos*]" = "iPhone Developer";
				COPY_PHASE_STRIP = NO;
				GCC_C_LANGUAGE_STANDARD = gnu99;
				GCC_DYNAMIC_NO_PIC = NO;
				GCC_OPTIMIZATION_LEVEL = 0;
				GCC_PREPROCESSOR_DEFINITIONS = (
					"DEBUG=1",
					"$(inherited)",
				);
				GCC_SYMBOLS_PRIVATE_EXTERN = NO;
				GCC_WARN_64_TO_32_BIT_CONVERSION = YES;
				GCC_WARN_ABOUT_RETURN_TYPE = YES_ERROR;
				GCC_WARN_UNDECLARED_SELECTOR = YES;
				GCC_WARN_UNINITIALIZED_AUTOS = YES_AGGRESSIVE;
				GCC_WARN_UNUSED_FUNCTION = YES;
				GCC_WARN_UNUSED_VARIABLE = YES;
				IPHONEOS_DEPLOYMENT_TARGET = 7.1;
				ONLY_ACTIVE_ARCH = YES;
				SDKROOT = iphoneos;
				TARGETED_DEVICE_FAMILY = "1,2";
			};
			name = Debug;
		};
		9A047B65198AA25A00608E0D /* Release */ = {
			isa = XCBuildConfiguration;
			buildSettings = {
				ALWAYS_SEARCH_USER_PATHS = NO;
				CLANG_CXX_LANGUAGE_STANDARD = "gnu++0x";
				CLANG_CXX_LIBRARY = "libc++";
				CLANG_ENABLE_MODULES = YES;
				CLANG_ENABLE_OBJC_ARC = YES;
				CLANG_WARN_BOOL_CONVERSION = YES;
				CLANG_WARN_CONSTANT_CONVERSION = YES;
				CLANG_WARN_DIRECT_OBJC_ISA_USAGE = YES_ERROR;
				CLANG_WARN_EMPTY_BODY = YES;
				CLANG_WARN_ENUM_CONVERSION = YES;
				CLANG_WARN_INT_CONVERSION = YES;
				CLANG_WARN_OBJC_ROOT_CLASS = YES_ERROR;
				CLANG_WARN__DUPLICATE_METHOD_MATCH = YES;
				"CODE_SIGN_IDENTITY[sdk=iphoneos*]" = "iPhone Developer";
				COPY_PHASE_STRIP = YES;
				ENABLE_NS_ASSERTIONS = NO;
				GCC_C_LANGUAGE_STANDARD = gnu99;
				GCC_WARN_64_TO_32_BIT_CONVERSION = YES;
				GCC_WARN_ABOUT_RETURN_TYPE = YES_ERROR;
				GCC_WARN_UNDECLARED_SELECTOR = YES;
				GCC_WARN_UNINITIALIZED_AUTOS = YES_AGGRESSIVE;
				GCC_WARN_UNUSED_FUNCTION = YES;
				GCC_WARN_UNUSED_VARIABLE = YES;
				IPHONEOS_DEPLOYMENT_TARGET = 7.1;
				SDKROOT = iphoneos;
				TARGETED_DEVICE_FAMILY = "1,2";
				VALIDATE_PRODUCT = YES;
			};
			name = Release;
		};
		9A047B67198AA25A00608E0D /* Debug */ = {
			isa = XCBuildConfiguration;
			buildSettings = {
				ASSETCATALOG_COMPILER_APPICON_NAME = AppIcon;
				ASSETCATALOG_COMPILER_LAUNCHIMAGE_NAME = LaunchImage;
				CODE_SIGN_IDENTITY = "iPhone Developer";
				GCC_PRECOMPILE_PREFIX_HEADER = YES;
				GCC_PREFIX_HEADER = "APICallTest/APICallTest-Prefix.pch";
				INFOPLIST_FILE = "APICallTest/APICallTest-Info.plist";
				IPHONEOS_DEPLOYMENT_TARGET = 7.1;
				OTHER_LDFLAGS = "-ObjC";
				PRODUCT_NAME = "$(TARGET_NAME)";
				TARGETED_DEVICE_FAMILY = "1,2";
				WRAPPER_EXTENSION = app;
			};
			name = Debug;
		};
		9A047B68198AA25A00608E0D /* Release */ = {
			isa = XCBuildConfiguration;
			buildSettings = {
				ASSETCATALOG_COMPILER_APPICON_NAME = AppIcon;
				ASSETCATALOG_COMPILER_LAUNCHIMAGE_NAME = LaunchImage;
				CODE_SIGN_IDENTITY = "iPhone Developer";
				GCC_PRECOMPILE_PREFIX_HEADER = YES;
				GCC_PREFIX_HEADER = "APICallTest/APICallTest-Prefix.pch";
				INFOPLIST_FILE = "APICallTest/APICallTest-Info.plist";
				IPHONEOS_DEPLOYMENT_TARGET = 7.1;
				OTHER_LDFLAGS = "-ObjC";
				PRODUCT_NAME = "$(TARGET_NAME)";
				TARGETED_DEVICE_FAMILY = "1,2";
				WRAPPER_EXTENSION = app;
			};
			name = Release;
		};
		9A047B6A198AA25A00608E0D /* Debug */ = {
			isa = XCBuildConfiguration;
			buildSettings = {
				BUNDLE_LOADER = "$(BUILT_PRODUCTS_DIR)/APICallTest.app/APICallTest";
				FRAMEWORK_SEARCH_PATHS = (
					"$(SDKROOT)/Developer/Library/Frameworks",
					"$(inherited)",
					"$(DEVELOPER_FRAMEWORKS_DIR)",
				);
				GCC_PRECOMPILE_PREFIX_HEADER = YES;
				GCC_PREFIX_HEADER = "APICallTest/APICallTest-Prefix.pch";
				GCC_PREPROCESSOR_DEFINITIONS = (
					"DEBUG=1",
					"$(inherited)",
				);
				INFOPLIST_FILE = "APICallTestTests/APICallTestTests-Info.plist";
				PRODUCT_NAME = "$(TARGET_NAME)";
				TEST_HOST = "$(BUNDLE_LOADER)";
				WRAPPER_EXTENSION = xctest;
			};
			name = Debug;
		};
		9A047B6B198AA25A00608E0D /* Release */ = {
			isa = XCBuildConfiguration;
			buildSettings = {
				BUNDLE_LOADER = "$(BUILT_PRODUCTS_DIR)/APICallTest.app/APICallTest";
				FRAMEWORK_SEARCH_PATHS = (
					"$(SDKROOT)/Developer/Library/Frameworks",
					"$(inherited)",
					"$(DEVELOPER_FRAMEWORKS_DIR)",
				);
				GCC_PRECOMPILE_PREFIX_HEADER = YES;
				GCC_PREFIX_HEADER = "APICallTest/APICallTest-Prefix.pch";
				INFOPLIST_FILE = "APICallTestTests/APICallTestTests-Info.plist";
				PRODUCT_NAME = "$(TARGET_NAME)";
				TEST_HOST = "$(BUNDLE_LOADER)";
				WRAPPER_EXTENSION = xctest;
			};
			name = Release;
		};
/* End XCBuildConfiguration section */

/* Begin XCConfigurationList section */
		9A047B2C198AA25A00608E0D /* Build configuration list for PBXProject "APICallTest" */ = {
			isa = XCConfigurationList;
			buildConfigurations = (
				9A047B64198AA25A00608E0D /* Debug */,
				9A047B65198AA25A00608E0D /* Release */,
			);
			defaultConfigurationIsVisible = 0;
			defaultConfigurationName = Release;
		};
		9A047B66198AA25A00608E0D /* Build configuration list for PBXNativeTarget "APICallTest" */ = {
			isa = XCConfigurationList;
			buildConfigurations = (
				9A047B67198AA25A00608E0D /* Debug */,
				9A047B68198AA25A00608E0D /* Release */,
			);
			defaultConfigurationIsVisible = 0;
			defaultConfigurationName = Release;
		};
		9A047B69198AA25A00608E0D /* Build configuration list for PBXNativeTarget "APICallTestTests" */ = {
			isa = XCConfigurationList;
			buildConfigurations = (
				9A047B6A198AA25A00608E0D /* Debug */,
				9A047B6B198AA25A00608E0D /* Release */,
			);
			defaultConfigurationIsVisible = 0;
			defaultConfigurationName = Release;
		};
/* End XCConfigurationList section */
	};
	rootObject = 9A047B29198AA25A00608E0D /* Project object */;
}
